<Solution>
  <Folder Name="/Solution Items/">
    <File Path="Directory.Packages.props" />
  </Folder>
  <Project Path="IntegrationTests.csproj" />
  <Project Path="../src/Skry.Server/Skry.Server.csproj" />
  <Project Path="../src/Skry.Client/Skry.Client.csproj" />
  <Project Path="../samples/Sample.Model/Sample.Model.csproj" />
</Solution>
