<Solution>
  <Folder Name="/Solution Items/">
    <File Path="Directory.Packages.props" />
  </Folder>
  <Project Path="Sample.Model/Sample.Model.csproj" />
  <Project Path="Sample.WebServer/Sample.WebServer.csproj" />
  <Project Path="Sample.WebClient/Sample.WebClient.csproj" />
  <Project Path="Sample.Tests/Sample.Tests.csproj" />
  <Project Path="Sample.QueryModels/Sample.QueryModels.csproj" />
  <Project Path="Sample.FSharp/Sample.FSharp.fsproj" />
  <Project Path="Sample.FSharp.Tests/Sample.FSharp.Tests.fsproj" />
  <Project Path="Sample.ConsoleClient/Sample.ConsoleClient.csproj" />
  <Project Path="Sample.WpfClient/Sample.WpfClient.csproj" />
  <Project Path="Sample.WinFormsClient/Sample.WinFormsClient.csproj" />
</Solution>
