<Solution>
  <Folder Name="/Solution Items/">
    <File Path="../.gitattributes" />
    <File Path="../global.json" />
    <File Path="../readme.md" />
    <File Path="../.editorconfig" />
    <File Path="Directory.Build.props" />
    <File Path="Directory.Packages.props" />
  </Folder>
  <Project Path="Skry.Annotations/Skry.Annotations.csproj" />
  <Project Path="Skry.Wire/Skry.Wire.csproj" />
  <Project Path="Skry.Client/Skry.Client.csproj" />
  <Project Path="Skry.Server/Skry.Server.csproj" />
  <Project Path="Skry.SourceGenerator/Skry.SourceGenerator.csproj" />
  <Project Path="Skry.SourceGenerator.Tests/Skry.SourceGenerator.Tests.csproj" />
  <Project Path="Skry.Tests/Skry.Tests.csproj" />
</Solution>
